// !$*UTF8*$!
{
	archiveVersion = 1;
	classes = {
	};
	objectVersion = 51;
	objects = {

/* Begin PBXBuildFile section */
		7FB6C4DBA2296C3226EFB945 /* Pods_Downloadr.framework in Frameworks */ = {isa = PBXBuildFile; fileRef = F1B0EE48E671488A21FBB250 /* Pods_Downloadr.framework */; };
		CE33AB8D2313E269002EBEF1 /* AppDelegate.swift in Sources */ = {isa = PBXBuildFile; fileRef = CE33AB8C2313E269002EBEF1 /* AppDelegate.swift */; };
		CE33AB8F2313E269002EBEF1 /* ViewController.swift in Sources */ = {isa = PBXBuildFile; fileRef = CE33AB8E2313E269002EBEF1 /* ViewController.swift */; };
		CE33AB942313E26A002EBEF1 /* Assets.xcassets in Resources */ = {isa = PBXBuildFile; fileRef = CE33AB932313E26A002EBEF1 /* Assets.xcassets */; };
		CE33AB972313E26A002EBEF1 /* LaunchScreen.storyboard in Resources */ = {isa = PBXBuildFile; fileRef = CE33AB952313E26A002EBEF1 /* LaunchScreen.storyboard */; };
		CE33AB9F23142506002EBEF1 /* CustomCell.swift in Sources */ = {isa = PBXBuildFile; fileRef = CE33AB9E23142506002EBEF1 /* CustomCell.swift */; };
		CED97FC32314E8DB00907A71 /* MusicModel.swift in Sources */ = {isa = PBXBuildFile; fileRef = CED97FC22314E8DB00907A71 /* MusicModel.swift */; };
		CED97FC723165A4100907A71 /* Download.swift in Sources */ = {isa = PBXBuildFile; fileRef = CED97FC623165A4100907A71 /* Download.swift */; };
/* End PBXBuildFile section */

/* Begin PBXFileReference section */
		3DA40B927AA9C4BB3E73D297 /* Pods-Downloadr.release.xcconfig */ = {isa = PBXFileReference; includeInIndex = 1; lastKnownFileType = text.xcconfig; name = "Pods-Downloadr.release.xcconfig"; path = "Target Support Files/Pods-Downloadr/Pods-Downloadr.release.xcconfig"; sourceTree = "<group>"; };
		CE33AB892313E269002EBEF1 /* Downloadr.app */ = {isa = PBXFileReference; explicitFileType = wrapper.application; includeInIndex = 0; path = Downloadr.app; sourceTree = BUILT_PRODUCTS_DIR; };
		CE33AB8C2313E269002EBEF1 /* AppDelegate.swift */ = {isa = PBXFileReference; lastKnownFileType = sourcecode.swift; path = AppDelegate.swift; sourceTree = "<group>"; };
		CE33AB8E2313E269002EBEF1 /* ViewController.swift */ = {isa = PBXFileReference; lastKnownFileType = sourcecode.swift; path = ViewController.swift; sourceTree = "<group>"; };
		CE33AB932313E26A002EBEF1 /* Assets.xcassets */ = {isa = PBXFileReference; lastKnownFileType = folder.assetcatalog; path = Assets.xcassets; sourceTree = "<group>"; };
		CE33AB962313E26A002EBEF1 /* Base */ = {isa = PBXFileReference; lastKnownFileType = file.storyboard; name = Base; path = Base.lproj/LaunchScreen.storyboard; sourceTree = "<group>"; };
		CE33AB982313E26A002EBEF1 /* Info.plist */ = {isa = PBXFileReference; lastKnownFileType = text.plist.xml; path = Info.plist; sourceTree = "<group>"; };
		CE33AB9E23142506002EBEF1 /* CustomCell.swift */ = {isa = PBXFileReference; lastKnownFileType = sourcecode.swift; path = CustomCell.swift; sourceTree = "<group>"; };
		CED97FC22314E8DB00907A71 /* MusicModel.swift */ = {isa = PBXFileReference; lastKnownFileType = sourcecode.swift; path = MusicModel.swift; sourceTree = "<group>"; };
		CED97FC623165A4100907A71 /* Download.swift */ = {isa = PBXFileReference; lastKnownFileType = sourcecode.swift; path = Download.swift; sourceTree = "<group>"; };
		DBCDC6A84E56EC788B2B10E7 /* Pods-Downloadr.debug.xcconfig */ = {isa = PBXFileReference; includeInIndex = 1; lastKnownFileType = text.xcconfig; name = "Pods-Downloadr.debug.xcconfig"; path = "Target Support Files/Pods-Downloadr/Pods-Downloadr.debug.xcconfig"; sourceTree = "<group>"; };
		F1B0EE48E671488A21FBB250 /* Pods_Downloadr.framework */ = {isa = PBXFileReference; explicitFileType = wrapper.framework; includeInIndex = 0; path = Pods_Downloadr.framework; sourceTree = BUILT_PRODUCTS_DIR; };
/* End PBXFileReference section */

/* Begin PBXFrameworksBuildPhase section */
		CE33AB862313E269002EBEF1 /* Frameworks */ = {
			isa = PBXFrameworksBuildPhase;
			buildActionMask = 2147483647;
			files = (
				7FB6C4DBA2296C3226EFB945 /* Pods_Downloadr.framework in Frameworks */,
			);
			runOnlyForDeploymentPostprocessing = 0;
		};
/* End PBXFrameworksBuildPhase section */

/* Begin PBXGroup section */
		CE33AB802313E269002EBEF1 = {
			isa = PBXGroup;
			children = (
				CE33AB8B2313E269002EBEF1 /* Downloadr */,
				CE33AB8A2313E269002EBEF1 /* Products */,
				F635D62F34E3EBB03EB70124 /* Pods */,
				EF42257385CBA4FA69905D89 /* Frameworks */,
			);
			sourceTree = "<group>";
		};
		CE33AB8A2313E269002EBEF1 /* Products */ = {
			isa = PBXGroup;
			children = (
				CE33AB892313E269002EBEF1 /* Downloadr.app */,
			);
			name = Products;
			sourceTree = "<group>";
		};
		CE33AB8B2313E269002EBEF1 /* Downloadr */ = {
			isa = PBXGroup;
			children = (
				CED97FC22314E8DB00907A71 /* MusicModel.swift */,
				CED97FC623165A4100907A71 /* Download.swift */,
				CE33AB8E2313E269002EBEF1 /* ViewController.swift */,
				CE33AB9E23142506002EBEF1 /* CustomCell.swift */,
				CE33AB8C2313E269002EBEF1 /* AppDelegate.swift */,
				CE33AB932313E26A002EBEF1 /* Assets.xcassets */,
				CE33AB952313E26A002EBEF1 /* LaunchScreen.storyboard */,
				CE33AB982313E26A002EBEF1 /* Info.plist */,
			);
			path = Downloadr;
			sourceTree = "<group>";
		};
		EF42257385CBA4FA69905D89 /* Frameworks */ = {
			isa = PBXGroup;
			children = (
				F1B0EE48E671488A21FBB250 /* Pods_Downloadr.framework */,
			);
			name = Frameworks;
			sourceTree = "<group>";
		};
		F635D62F34E3EBB03EB70124 /* Pods */ = {
			isa = PBXGroup;
			children = (
				DBCDC6A84E56EC788B2B10E7 /* Pods-Downloadr.debug.xcconfig */,
				3DA40B927AA9C4BB3E73D297 /* Pods-Downloadr.release.xcconfig */,
			);
			path = Pods;
			sourceTree = "<group>";
		};
/* End PBXGroup section */

/* Begin PBXNativeTarget section */
		CE33AB882313E269002EBEF1 /* Downloadr */ = {
			isa = PBXNativeTarget;
			buildConfigurationList = CE33AB9B2313E26A002EBEF1 /* Build configuration list for PBXNativeTarget "Downloadr" */;
			buildPhases = (
				6924AB6038B91D2728F56E61 /* [CP] Check Pods Manifest.lock */,
				CE33AB852313E269002EBEF1 /* Sources */,
				CE33AB862313E269002EBEF1 /* Frameworks */,
				CE33AB872313E269002EBEF1 /* Resources */,
				9C9F31C270B9FBD2C2FF9F97 /* [CP] Embed Pods Frameworks */,
			);
			buildRules = (
			);
			dependencies = (
			);
			name = Downloadr;
			productName = Downloadr;
			productReference = CE33AB892313E269002EBEF1 /* Downloadr.app */;
			productType = "com.apple.product-type.application";
		};
/* End PBXNativeTarget section */

/* Begin PBXProject section */
		CE33AB812313E269002EBEF1 /* Project object */ = {
			isa = PBXProject;
			attributes = {
				LastSwiftUpdateCheck = 1020;
				LastUpgradeCheck = 1020;
				ORGANIZATIONNAME = "Akysh Akan";
				TargetAttributes = {
					CE33AB882313E269002EBEF1 = {
						CreatedOnToolsVersion = 10.2.1;
					};
				};
			};
			buildConfigurationList = CE33AB842313E269002EBEF1 /* Build configuration list for PBXProject "Downloadr" */;
			compatibilityVersion = "Xcode 9.3";
			developmentRegion = en;
			hasScannedForEncodings = 0;
			knownRegions = (
				en,
				Base,
			);
			mainGroup = CE33AB802313E269002EBEF1;
			productRefGroup = CE33AB8A2313E269002EBEF1 /* Products */;
			projectDirPath = "";
			projectRoot = "";
			targets = (
				CE33AB882313E269002EBEF1 /* Downloadr */,
			);
		};
/* End PBXProject section */

/* Begin PBXResourcesBuildPhase section */
		CE33AB872313E269002EBEF1 /* Resources */ = {
			isa = PBXResourcesBuildPhase;
			buildActionMask = 2147483647;
			files = (
				CE33AB972313E26A002EBEF1 /* LaunchScreen.storyboard in Resources */,
				CE33AB942313E26A002EBEF1 /* Assets.xcassets in Resources */,
			);
			runOnlyForDeploymentPostprocessing = 0;
		};
/* End PBXResourcesBuildPhase section */

/* Begin PBXShellScriptBuildPhase section */
		6924AB6038B91D2728F56E61 /* [CP] Check Pods Manifest.lock */ = {
			isa = PBXShellScriptBuildPhase;
			buildActionMask = 2147483647;
			files = (
			);
			inputFileListPaths = (
			);
			inputPaths = (
				"${PODS_PODFILE_DIR_PATH}/Podfile.lock",
				"${PODS_ROOT}/Manifest.lock",
			);
			name = "[CP] Check Pods Manifest.lock";
			outputFileListPaths = (
			);
			outputPaths = (
				"$(DERIVED_FILE_DIR)/Pods-Downloadr-checkManifestLockResult.txt",
			);
			runOnlyForDeploymentPostprocessing = 0;
			shellPath = /bin/sh;
			shellScript = "diff \"${PODS_PODFILE_DIR_PATH}/Podfile.lock\" \"${PODS_ROOT}/Manifest.lock\" > /dev/null\nif [ $? != 0 ] ; then\n    # print error to STDERR\n    echo \"error: The sandbox is not in sync with the Podfile.lock. Run 'pod install' or update your CocoaPods installation.\" >&2\n    exit 1\nfi\n# This output is used by Xcode 'outputs' to avoid re-running this script phase.\necho \"SUCCESS\" > \"${SCRIPT_OUTPUT_FILE_0}\"\n";
			showEnvVarsInLog = 0;
		};
		9C9F31C270B9FBD2C2FF9F97 /* [CP] Embed Pods Frameworks */ = {
			isa = PBXShellScriptBuildPhase;
			buildActionMask = 2147483647;
			files = (
			);
			inputFileListPaths = (
				"${PODS_ROOT}/Target Support Files/Pods-Downloadr/Pods-Downloadr-frameworks-${CONFIGURATION}-input-files.xcfilelist",
			);
			name = "[CP] Embed Pods Frameworks";
			outputFileListPaths = (
				"${PODS_ROOT}/Target Support Files/Pods-Downloadr/Pods-Downloadr-frameworks-${CONFIGURATION}-output-files.xcfilelist",
			);
			runOnlyForDeploymentPostprocessing = 0;
			shellPath = /bin/sh;
			shellScript = "\"${PODS_ROOT}/Target Support Files/Pods-Downloadr/Pods-Downloadr-frameworks.sh\"\n";
			showEnvVarsInLog = 0;
		};
/* End PBXShellScriptBuildPhase section */

/* Begin PBXSourcesBuildPhase section */
		CE33AB852313E269002EBEF1 /* Sources */ = {
			isa = PBXSourcesBuildPhase;
			buildActionMask = 2147483647;
			files = (
				CE33AB9F23142506002EBEF1 /* CustomCell.swift in Sources */,
				CE33AB8F2313E269002EBEF1 /* ViewController.swift in Sources */,
				CED97FC32314E8DB00907A71 /* MusicModel.swift in Sources */,
				CE33AB8D2313E269002EBEF1 /* AppDelegate.swift in Sources */,
				CED97FC723165A4100907A71 /* Download.swift in Sources */,
			);
			runOnlyForDeploymentPostprocessing = 0;
		};
/* End PBXSourcesBuildPhase section */

/* Begin PBXVariantGroup section */
		CE33AB952313E26A002EBEF1 /* LaunchScreen.storyboard */ = {
			isa = PBXVariantGroup;
			children = (
				CE33AB962313E26A002EBEF1 /* Base */,
			);
			name = LaunchScreen.storyboard;
			sourceTree = "<group>";
		};
/* End PBXVariantGroup section */

/* Begin XCBuildConfiguration section */
		CE33AB992313E26A002EBEF1 /* Debug */ = {
			isa = XCBuildConfiguration;
			buildSettings = {
				ALWAYS_SEARCH_USER_PATHS = NO;
				CLANG_ANALYZER_NONNULL = YES;
				CLANG_ANALYZER_NUMBER_OBJECT_CONVERSION = YES_AGGRESSIVE;
				CLANG_CXX_LANGUAGE_STANDARD = "gnu++14";
				CLANG_CXX_LIBRARY = "libc++";
				CLANG_ENABLE_MODULES = YES;
				CLANG_ENABLE_OBJC_ARC = YES;
				CLANG_ENABLE_OBJC_WEAK = YES;
				CLANG_WARN_BLOCK_CAPTURE_AUTORELEASING = YES;
				CLANG_WARN_BOOL_CONVERSION = YES;
				CLANG_WARN_COMMA = YES;
				CLANG_WARN_CONSTANT_CONVERSION = YES;
				CLANG_WARN_DEPRECATED_OBJC_IMPLEMENTATIONS = YES;
				CLANG_WARN_DIRECT_OBJC_ISA_USAGE = YES_ERROR;
				CLANG_WARN_DOCUMENTATION_COMMENTS = YES;
				CLANG_WARN_EMPTY_BODY = YES;
				CLANG_WARN_ENUM_CONVERSION = YES;
				CLANG_WARN_INFINITE_RECURSION = YES;
				CLANG_WARN_INT_CONVERSION = YES;
				CLANG_WARN_NON_LITERAL_NULL_CONVERSION = YES;
				CLANG_WARN_OBJC_IMPLICIT_RETAIN_SELF = YES;
				CLANG_WARN_OBJC_LITERAL_CONVERSION = YES;
				CLANG_WARN_OBJC_ROOT_CLASS = YES_ERROR;
				CLANG_WARN_RANGE_LOOP_ANALYSIS = YES;
				CLANG_WARN_STRICT_PROTOTYPES = YES;
				CLANG_WARN_SUSPICIOUS_MOVE = YES;
				CLANG_WARN_UNGUARDED_AVAILABILITY = YES_AGGRESSIVE;
				CLANG_WARN_UNREACHABLE_CODE = YES;
				CLANG_WARN__DUPLICATE_METHOD_MATCH = YES;
				CODE_SIGN_IDENTITY = "iPhone Developer";
				COPY_PHASE_STRIP = NO;
				DEBUG_INFORMATION_FORMAT = dwarf;
				ENABLE_STRICT_OBJC_MSGSEND = YES;
				ENABLE_TESTABILITY = YES;
				GCC_C_LANGUAGE_STANDARD = gnu11;
				GCC_DYNAMIC_NO_PIC = NO;
				GCC_NO_COMMON_BLOCKS = YES;
				GCC_OPTIMIZATION_LEVEL = 0;
				GCC_PREPROCESSOR_DEFINITIONS = (
					"DEBUG=1",
					"$(inherited)",
				);
				GCC_WARN_64_TO_32_BIT_CONVERSION = YES;
				GCC_WARN_ABOUT_RETURN_TYPE = YES_ERROR;
				GCC_WARN_UNDECLARED_SELECTOR = YES;
				GCC_WARN_UNINITIALIZED_AUTOS = YES_AGGRESSIVE;
				GCC_WARN_UNUSED_FUNCTION = YES;
				GCC_WARN_UNUSED_VARIABLE = YES;
				IPHONEOS_DEPLOYMENT_TARGET = 12.2;
				MTL_ENABLE_DEBUG_INFO = INCLUDE_SOURCE;
				MTL_FAST_MATH = YES;
				ONLY_ACTIVE_ARCH = YES;
				SDKROOT = iphoneos;
				SWIFT_ACTIVE_COMPILATION_CONDITIONS = DEBUG;
				SWIFT_OPTIMIZATION_LEVEL = "-Onone";
			};
			name = Debug;
		};
		CE33AB9A2313E26A002EBEF1 /* Release */ = {
			isa = XCBuildConfiguration;
			buildSettings = {
				ALWAYS_SEARCH_USER_PATHS = NO;
				CLANG_ANALYZER_NONNULL = YES;
				CLANG_ANALYZER_NUMBER_OBJECT_CONVERSION = YES_AGGRESSIVE;
				CLANG_CXX_LANGUAGE_STANDARD = "gnu++14";
				CLANG_CXX_LIBRARY = "libc++";
				CLANG_ENABLE_MODULES = YES;
				CLANG_ENABLE_OBJC_ARC = YES;
				CLANG_ENABLE_OBJC_WEAK = YES;
				CLANG_WARN_BLOCK_CAPTURE_AUTORELEASING = YES;
				CLANG_WARN_BOOL_CONVERSION = YES;
				CLANG_WARN_COMMA = YES;
				CLANG_WARN_CONSTANT_CONVERSION = YES;
				CLANG_WARN_DEPRECATED_OBJC_IMPLEMENTATIONS = YES;
				CLANG_WARN_DIRECT_OBJC_ISA_USAGE = YES_ERROR;
				CLANG_WARN_DOCUMENTATION_COMMENTS = YES;
				CLANG_WARN_EMPTY_BODY = YES;
				CLANG_WARN_ENUM_CONVERSION = YES;
				CLANG_WARN_INFINITE_RECURSION = YES;
				CLANG_WARN_INT_CONVERSION = YES;
				CLANG_WARN_NON_LITERAL_NULL_CONVERSION = YES;
				CLANG_WARN_OBJC_IMPLICIT_RETAIN_SELF = YES;
				CLANG_WARN_OBJC_LITERAL_CONVERSION = YES;
				CLANG_WARN_OBJC_ROOT_CLASS = YES_ERROR;
				CLANG_WARN_RANGE_LOOP_ANALYSIS = YES;
				CLANG_WARN_STRICT_PROTOTYPES = YES;
				CLANG_WARN_SUSPICIOUS_MOVE = YES;
				CLANG_WARN_UNGUARDED_AVAILABILITY = YES_AGGRESSIVE;
				CLANG_WARN_UNREACHABLE_CODE = YES;
				CLANG_WARN__DUPLICATE_METHOD_MATCH = YES;
				CODE_SIGN_IDENTITY = "iPhone Developer";
				COPY_PHASE_STRIP = NO;
				DEBUG_INFORMATION_FORMAT = "dwarf-with-dsym";
				ENABLE_NS_ASSERTIONS = NO;
				ENABLE_STRICT_OBJC_MSGSEND = YES;
				GCC_C_LANGUAGE_STANDARD = gnu11;
				GCC_NO_COMMON_BLOCKS = YES;
				GCC_WARN_64_TO_32_BIT_CONVERSION = YES;
				GCC_WARN_ABOUT_RETURN_TYPE = YES_ERROR;
				GCC_WARN_UNDECLARED_SELECTOR = YES;
				GCC_WARN_UNINITIALIZED_AUTOS = YES_AGGRESSIVE;
				GCC_WARN_UNUSED_FUNCTION = YES;
				GCC_WARN_UNUSED_VARIABLE = YES;
				IPHONEOS_DEPLOYMENT_TARGET = 12.2;
				MTL_ENABLE_DEBUG_INFO = NO;
				MTL_FAST_MATH = YES;
				SDKROOT = iphoneos;
				SWIFT_COMPILATION_MODE = wholemodule;
				SWIFT_OPTIMIZATION_LEVEL = "-O";
				VALIDATE_PRODUCT = YES;
			};
			name = Release;
		};
		CE33AB9C2313E26A002EBEF1 /* Debug */ = {
			isa = XCBuildConfiguration;
			baseConfigurationReference = DBCDC6A84E56EC788B2B10E7 /* Pods-Downloadr.debug.xcconfig */;
			buildSettings = {
				ASSETCATALOG_COMPILER_APPICON_NAME = AppIcon;
				CODE_SIGN_STYLE = Automatic;
				DEVELOPMENT_TEAM = 6HNL37WZ78;
				INFOPLIST_FILE = Downloadr/Info.plist;
				LD_RUNPATH_SEARCH_PATHS = (
					"$(inherited)",
					"@executable_path/Frameworks",
				);
				PRODUCT_BUNDLE_IDENTIFIER = Akysh.Akan.Downloadr;
				PRODUCT_NAME = "$(TARGET_NAME)";
				SWIFT_VERSION = 5.0;
				TARGETED_DEVICE_FAMILY = "1,2";
			};
			name = Debug;
		};
		CE33AB9D2313E26A002EBEF1 /* Release */ = {
			isa = XCBuildConfiguration;
			baseConfigurationReference = 3DA40B927AA9C4BB3E73D297 /* Pods-Downloadr.release.xcconfig */;
			buildSettings = {
				ASSETCATALOG_COMPILER_APPICON_NAME = AppIcon;
				CODE_SIGN_STYLE = Automatic;
				DEVELOPMENT_TEAM = 6HNL37WZ78;
				INFOPLIST_FILE = Downloadr/Info.plist;
				LD_RUNPATH_SEARCH_PATHS = (
					"$(inherited)",
					"@executable_path/Frameworks",
				);
				PRODUCT_BUNDLE_IDENTIFIER = Akysh.Akan.Downloadr;
				PRODUCT_NAME = "$(TARGET_NAME)";
				SWIFT_VERSION = 5.0;
				TARGETED_DEVICE_FAMILY = "1,2";
			};
			name = Release;
		};
/* End XCBuildConfiguration section */

/* Begin XCConfigurationList section */
		CE33AB842313E269002EBEF1 /* Build configuration list for PBXProject "Downloadr" */ = {
			isa = XCConfigurationList;
			buildConfigurations = (
				CE33AB992313E26A002EBEF1 /* Debug */,
				CE33AB9A2313E26A002EBEF1 /* Release */,
			);
			defaultConfigurationIsVisible = 0;
			defaultConfigurationName = Release;
		};
		CE33AB9B2313E26A002EBEF1 /* Build configuration list for PBXNativeTarget "Downloadr" */ = {
			isa = XCConfigurationList;
			buildConfigurations = (
				CE33AB9C2313E26A002EBEF1 /* Debug */,
				CE33AB9D2313E26A002EBEF1 /* Release */,
			);
			defaultConfigurationIsVisible = 0;
			defaultConfigurationName = Release;
		};
/* End XCConfigurationList section */
	};
	rootObject = CE33AB812313E269002EBEF1 /* Project object */;
}
